// !$*UTF8*$!
{
	archiveVersion = 1;
	classes = {
	};
	objectVersion = 56;
	objects = {

/* Begin PBXBuildFile section */
		7D23490E2B07E6EF00F78D09 /* GoogleSignIn in Frameworks */ = {isa = PBXBuildFile; productRef = 7D23490D2B07E6EF00F78D09 /* GoogleSignIn */; };
		7D2349102B07E6EF00F78D09 /* GoogleSignInSwift in Frameworks */ = {isa = PBXBuildFile; productRef = 7D23490F2B07E6EF00F78D09 /* GoogleSignInSwift */; };
		7D2349192B07F0F800F78D09 /* AuthView.swift in Sources */ = {isa = PBXBuildFile; fileRef = 7D2349182B07F0F800F78D09 /* AuthView.swift */; };
		7D23491E2B07FA8900F78D09 /* AppDelegate.swift in Sources */ = {isa = PBXBuildFile; fileRef = 7D23491D2B07FA8900F78D09 /* AppDelegate.swift */; };
		7D2349202B08019800F78D09 /* UIApplication+.swift in Sources */ = {isa = PBXBuildFile; fileRef = 7D23491F2B08019800F78D09 /* UIApplication+.swift */; };
		7D2349222B08056E00F78D09 /* CalendarView.swift in Sources */ = {isa = PBXBuildFile; fileRef = 7D2349212B08056E00F78D09 /* CalendarView.swift */; };
		7D2349242B080E7F00F78D09 /* HeaderView.swift in Sources */ = {isa = PBXBuildFile; fileRef = 7D2349232B080E7F00F78D09 /* HeaderView.swift */; };
		7D2349262B080F6400F78D09 /* DropDownView.swift in Sources */ = {isa = PBXBuildFile; fileRef = 7D2349252B080F6400F78D09 /* DropDownView.swift */; };
		7D2349282B08186700F78D09 /* CalendarListView.swift in Sources */ = {isa = PBXBuildFile; fileRef = 7D2349272B08186700F78D09 /* CalendarListView.swift */; };
		7D23492A2B081BFD00F78D09 /* String+.swift in Sources */ = {isa = PBXBuildFile; fileRef = 7D2349292B081BFD00F78D09 /* String+.swift */; };
		7D23492D2B081C6300F78D09 /* Date+.swift in Sources */ = {isa = PBXBuildFile; fileRef = 7D23492C2B081C6300F78D09 /* Date+.swift */; };
		7D2349302B081D2F00F78D09 /* Event.swift in Sources */ = {isa = PBXBuildFile; fileRef = 7D23492F2B081D2F00F78D09 /* Event.swift */; };
		7D2349322B081D4E00F78D09 /* Listing.swift in Sources */ = {isa = PBXBuildFile; fileRef = 7D2349312B081D4E00F78D09 /* Listing.swift */; };
		7D2349362B081DD100F78D09 /* AuthHeaderView.swift in Sources */ = {isa = PBXBuildFile; fileRef = 7D2349352B081DD100F78D09 /* AuthHeaderView.swift */; };
		7D23493A2B08215E00F78D09 /* SectionContentView.swift in Sources */ = {isa = PBXBuildFile; fileRef = 7D2349392B08215E00F78D09 /* SectionContentView.swift */; };
		7D23493C2B0824FA00F78D09 /* SectionView.swift in Sources */ = {isa = PBXBuildFile; fileRef = 7D23493B2B0824FA00F78D09 /* SectionView.swift */; };
		7D23493E2B08254F00F78D09 /* Action.swift in Sources */ = {isa = PBXBuildFile; fileRef = 7D23493D2B08254F00F78D09 /* Action.swift */; };
		7D4E81982B07CA63004B9B3C /* BookifySyncApp.swift in Sources */ = {isa = PBXBuildFile; fileRef = 7D4E81972B07CA63004B9B3C /* BookifySyncApp.swift */; };
		7D4E819A2B07CA63004B9B3C /* ContentView.swift in Sources */ = {isa = PBXBuildFile; fileRef = 7D4E81992B07CA63004B9B3C /* ContentView.swift */; };
		7D4E819C2B07CA65004B9B3C /* Assets.xcassets in Resources */ = {isa = PBXBuildFile; fileRef = 7D4E819B2B07CA65004B9B3C /* Assets.xcassets */; };
		7D4E81A12B07CA65004B9B3C /* Persistence.swift in Sources */ = {isa = PBXBuildFile; fileRef = 7D4E81A02B07CA65004B9B3C /* Persistence.swift */; };
		7D4E81A42B07CA65004B9B3C /* BookifySync.xcdatamodeld in Sources */ = {isa = PBXBuildFile; fileRef = 7D4E81A22B07CA65004B9B3C /* BookifySync.xcdatamodeld */; };
		7D4E81AC2B07D0CA004B9B3C /* ComposableArchitecture in Frameworks */ = {isa = PBXBuildFile; productRef = 7D4E81AB2B07D0CA004B9B3C /* ComposableArchitecture */; };
		7D68420A2B0A723700649F60 /* Poppins-Black.ttf in Resources */ = {isa = PBXBuildFile; fileRef = 7D6841F82B0A723600649F60 /* Poppins-Black.ttf */; };
		7D68420B2B0A723700649F60 /* Poppins-Bold.ttf in Resources */ = {isa = PBXBuildFile; fileRef = 7D6841F92B0A723600649F60 /* Poppins-Bold.ttf */; };
		7D68420C2B0A723700649F60 /* Poppins-ThinItalic.ttf in Resources */ = {isa = PBXBuildFile; fileRef = 7D6841FA2B0A723600649F60 /* Poppins-ThinItalic.ttf */; };
		7D68420D2B0A723700649F60 /* Poppins-Regular.ttf in Resources */ = {isa = PBXBuildFile; fileRef = 7D6841FB2B0A723600649F60 /* Poppins-Regular.ttf */; };
		7D68420E2B0A723700649F60 /* Poppins-LightItalic.ttf in Resources */ = {isa = PBXBuildFile; fileRef = 7D6841FC2B0A723700649F60 /* Poppins-LightItalic.ttf */; };
		7D68420F2B0A723700649F60 /* Poppins-SemiBoldItalic.ttf in Resources */ = {isa = PBXBuildFile; fileRef = 7D6841FD2B0A723700649F60 /* Poppins-SemiBoldItalic.ttf */; };
		7D6842102B0A723700649F60 /* Poppins-MediumItalic.ttf in Resources */ = {isa = PBXBuildFile; fileRef = 7D6841FE2B0A723700649F60 /* Poppins-MediumItalic.ttf */; };
		7D6842112B0A723700649F60 /* Poppins-Thin.ttf in Resources */ = {isa = PBXBuildFile; fileRef = 7D6841FF2B0A723700649F60 /* Poppins-Thin.ttf */; };
		7D6842122B0A723700649F60 /* Poppins-BoldItalic.ttf in Resources */ = {isa = PBXBuildFile; fileRef = 7D6842002B0A723700649F60 /* Poppins-BoldItalic.ttf */; };
		7D6842132B0A723700649F60 /* Poppins-ExtraBoldItalic.ttf in Resources */ = {isa = PBXBuildFile; fileRef = 7D6842012B0A723700649F60 /* Poppins-ExtraBoldItalic.ttf */; };
		7D6842142B0A723700649F60 /* Poppins-Italic.ttf in Resources */ = {isa = PBXBuildFile; fileRef = 7D6842022B0A723700649F60 /* Poppins-Italic.ttf */; };
		7D6842152B0A723700649F60 /* Poppins-ExtraLightItalic.ttf in Resources */ = {isa = PBXBuildFile; fileRef = 7D6842032B0A723700649F60 /* Poppins-ExtraLightItalic.ttf */; };
		7D6842162B0A723700649F60 /* Poppins-ExtraBold.ttf in Resources */ = {isa = PBXBuildFile; fileRef = 7D6842042B0A723700649F60 /* Poppins-ExtraBold.ttf */; };
		7D6842172B0A723700649F60 /* Poppins-BlackItalic.ttf in Resources */ = {isa = PBXBuildFile; fileRef = 7D6842052B0A723700649F60 /* Poppins-BlackItalic.ttf */; };
		7D6842182B0A723700649F60 /* Poppins-ExtraLight.ttf in Resources */ = {isa = PBXBuildFile; fileRef = 7D6842062B0A723700649F60 /* Poppins-ExtraLight.ttf */; };
		7D6842192B0A723700649F60 /* Poppins-Light.ttf in Resources */ = {isa = PBXBuildFile; fileRef = 7D6842072B0A723700649F60 /* Poppins-Light.ttf */; };
		7D68421A2B0A723700649F60 /* Poppins-SemiBold.ttf in Resources */ = {isa = PBXBuildFile; fileRef = 7D6842082B0A723700649F60 /* Poppins-SemiBold.ttf */; };
		7D68421B2B0A723700649F60 /* Poppins-Medium.ttf in Resources */ = {isa = PBXBuildFile; fileRef = 7D6842092B0A723700649F60 /* Poppins-Medium.ttf */; };
		7D68421D2B0A73F400649F60 /* UIFont+.swift in Sources */ = {isa = PBXBuildFile; fileRef = 7D68421C2B0A73F400649F60 /* UIFont+.swift */; };
		7D68421F2B0A743100649F60 /* Fonts.swift in Sources */ = {isa = PBXBuildFile; fileRef = 7D68421E2B0A743100649F60 /* Fonts.swift */; };
		7D6842212B0A762300649F60 /* Font+.swift in Sources */ = {isa = PBXBuildFile; fileRef = 7D6842202B0A762300649F60 /* Font+.swift */; };
		7D6842232B0A7E9B00649F60 /* PillView.swift in Sources */ = {isa = PBXBuildFile; fileRef = 7D6842222B0A7E9B00649F60 /* PillView.swift */; };
/* End PBXBuildFile section */

/* Begin PBXFileReference section */
		7D2349142B07E74900F78D09 /* Info.plist */ = {isa = PBXFileReference; fileEncoding = 4; lastKnownFileType = text.plist.xml; path = Info.plist; sourceTree = "<group>"; };
		7D2349182B07F0F800F78D09 /* AuthView.swift */ = {isa = PBXFileReference; lastKnownFileType = sourcecode.swift; path = AuthView.swift; sourceTree = "<group>"; };
		7D23491D2B07FA8900F78D09 /* AppDelegate.swift */ = {isa = PBXFileReference; lastKnownFileType = sourcecode.swift; path = AppDelegate.swift; sourceTree = "<group>"; };
		7D23491F2B08019800F78D09 /* UIApplication+.swift */ = {isa = PBXFileReference; lastKnownFileType = sourcecode.swift; path = "UIApplication+.swift"; sourceTree = "<group>"; };
		7D2349212B08056E00F78D09 /* CalendarView.swift */ = {isa = PBXFileReference; lastKnownFileType = sourcecode.swift; path = CalendarView.swift; sourceTree = "<group>"; };
		7D2349232B080E7F00F78D09 /* HeaderView.swift */ = {isa = PBXFileReference; lastKnownFileType = sourcecode.swift; path = HeaderView.swift; sourceTree = "<group>"; };
		7D2349252B080F6400F78D09 /* DropDownView.swift */ = {isa = PBXFileReference; lastKnownFileType = sourcecode.swift; path = DropDownView.swift; sourceTree = "<group>"; };
		7D2349272B08186700F78D09 /* CalendarListView.swift */ = {isa = PBXFileReference; lastKnownFileType = sourcecode.swift; path = CalendarListView.swift; sourceTree = "<group>"; };
		7D2349292B081BFD00F78D09 /* String+.swift */ = {isa = PBXFileReference; lastKnownFileType = sourcecode.swift; path = "String+.swift"; sourceTree = "<group>"; };
		7D23492C2B081C6300F78D09 /* Date+.swift */ = {isa = PBXFileReference; lastKnownFileType = sourcecode.swift; path = "Date+.swift"; sourceTree = "<group>"; };
		7D23492F2B081D2F00F78D09 /* Event.swift */ = {isa = PBXFileReference; lastKnownFileType = sourcecode.swift; path = Event.swift; sourceTree = "<group>"; };
		7D2349312B081D4E00F78D09 /* Listing.swift */ = {isa = PBXFileReference; lastKnownFileType = sourcecode.swift; path = Listing.swift; sourceTree = "<group>"; };
		7D2349352B081DD100F78D09 /* AuthHeaderView.swift */ = {isa = PBXFileReference; lastKnownFileType = sourcecode.swift; path = AuthHeaderView.swift; sourceTree = "<group>"; };
		7D2349392B08215E00F78D09 /* SectionContentView.swift */ = {isa = PBXFileReference; lastKnownFileType = sourcecode.swift; path = SectionContentView.swift; sourceTree = "<group>"; };
		7D23493B2B0824FA00F78D09 /* SectionView.swift */ = {isa = PBXFileReference; lastKnownFileType = sourcecode.swift; path = SectionView.swift; sourceTree = "<group>"; };
		7D23493D2B08254F00F78D09 /* Action.swift */ = {isa = PBXFileReference; lastKnownFileType = sourcecode.swift; path = Action.swift; sourceTree = "<group>"; };
		7D4E81942B07CA63004B9B3C /* BookifySync.app */ = {isa = PBXFileReference; explicitFileType = wrapper.application; includeInIndex = 0; path = BookifySync.app; sourceTree = BUILT_PRODUCTS_DIR; };
		7D4E81972B07CA63004B9B3C /* BookifySyncApp.swift */ = {isa = PBXFileReference; lastKnownFileType = sourcecode.swift; path = BookifySyncApp.swift; sourceTree = "<group>"; };
		7D4E81992B07CA63004B9B3C /* ContentView.swift */ = {isa = PBXFileReference; lastKnownFileType = sourcecode.swift; path = ContentView.swift; sourceTree = "<group>"; };
		7D4E819B2B07CA65004B9B3C /* Assets.xcassets */ = {isa = PBXFileReference; lastKnownFileType = folder.assetcatalog; path = Assets.xcassets; sourceTree = "<group>"; };
		7D4E81A02B07CA65004B9B3C /* Persistence.swift */ = {isa = PBXFileReference; lastKnownFileType = sourcecode.swift; path = Persistence.swift; sourceTree = "<group>"; };
		7D4E81A32B07CA65004B9B3C /* BookifySync.xcdatamodel */ = {isa = PBXFileReference; lastKnownFileType = wrapper.xcdatamodel; path = BookifySync.xcdatamodel; sourceTree = "<group>"; };
		7D6841F82B0A723600649F60 /* Poppins-Black.ttf */ = {isa = PBXFileReference; lastKnownFileType = file; path = "Poppins-Black.ttf"; sourceTree = "<group>"; };
		7D6841F92B0A723600649F60 /* Poppins-Bold.ttf */ = {isa = PBXFileReference; lastKnownFileType = file; path = "Poppins-Bold.ttf"; sourceTree = "<group>"; };
		7D6841FA2B0A723600649F60 /* Poppins-ThinItalic.ttf */ = {isa = PBXFileReference; lastKnownFileType = file; path = "Poppins-ThinItalic.ttf"; sourceTree = "<group>"; };
		7D6841FB2B0A723600649F60 /* Poppins-Regular.ttf */ = {isa = PBXFileReference; lastKnownFileType = file; path = "Poppins-Regular.ttf"; sourceTree = "<group>"; };
		7D6841FC2B0A723700649F60 /* Poppins-LightItalic.ttf */ = {isa = PBXFileReference; lastKnownFileType = file; path = "Poppins-LightItalic.ttf"; sourceTree = "<group>"; };
		7D6841FD2B0A723700649F60 /* Poppins-SemiBoldItalic.ttf */ = {isa = PBXFileReference; lastKnownFileType = file; path = "Poppins-SemiBoldItalic.ttf"; sourceTree = "<group>"; };
		7D6841FE2B0A723700649F60 /* Poppins-MediumItalic.ttf */ = {isa = PBXFileReference; lastKnownFileType = file; path = "Poppins-MediumItalic.ttf"; sourceTree = "<group>"; };
		7D6841FF2B0A723700649F60 /* Poppins-Thin.ttf */ = {isa = PBXFileReference; lastKnownFileType = file; path = "Poppins-Thin.ttf"; sourceTree = "<group>"; };
		7D6842002B0A723700649F60 /* Poppins-BoldItalic.ttf */ = {isa = PBXFileReference; lastKnownFileType = file; path = "Poppins-BoldItalic.ttf"; sourceTree = "<group>"; };
		7D6842012B0A723700649F60 /* Poppins-ExtraBoldItalic.ttf */ = {isa = PBXFileReference; lastKnownFileType = file; path = "Poppins-ExtraBoldItalic.ttf"; sourceTree = "<group>"; };
		7D6842022B0A723700649F60 /* Poppins-Italic.ttf */ = {isa = PBXFileReference; lastKnownFileType = file; path = "Poppins-Italic.ttf"; sourceTree = "<group>"; };
		7D6842032B0A723700649F60 /* Poppins-ExtraLightItalic.ttf */ = {isa = PBXFileReference; lastKnownFileType = file; path = "Poppins-ExtraLightItalic.ttf"; sourceTree = "<group>"; };
		7D6842042B0A723700649F60 /* Poppins-ExtraBold.ttf */ = {isa = PBXFileReference; lastKnownFileType = file; path = "Poppins-ExtraBold.ttf"; sourceTree = "<group>"; };
		7D6842052B0A723700649F60 /* Poppins-BlackItalic.ttf */ = {isa = PBXFileReference; lastKnownFileType = file; path = "Poppins-BlackItalic.ttf"; sourceTree = "<group>"; };
		7D6842062B0A723700649F60 /* Poppins-ExtraLight.ttf */ = {isa = PBXFileReference; lastKnownFileType = file; path = "Poppins-ExtraLight.ttf"; sourceTree = "<group>"; };
		7D6842072B0A723700649F60 /* Poppins-Light.ttf */ = {isa = PBXFileReference; lastKnownFileType = file; path = "Poppins-Light.ttf"; sourceTree = "<group>"; };
		7D6842082B0A723700649F60 /* Poppins-SemiBold.ttf */ = {isa = PBXFileReference; lastKnownFileType = file; path = "Poppins-SemiBold.ttf"; sourceTree = "<group>"; };
		7D6842092B0A723700649F60 /* Poppins-Medium.ttf */ = {isa = PBXFileReference; lastKnownFileType = file; path = "Poppins-Medium.ttf"; sourceTree = "<group>"; };
		7D68421C2B0A73F400649F60 /* UIFont+.swift */ = {isa = PBXFileReference; lastKnownFileType = sourcecode.swift; path = "UIFont+.swift"; sourceTree = "<group>"; };
		7D68421E2B0A743100649F60 /* Fonts.swift */ = {isa = PBXFileReference; lastKnownFileType = sourcecode.swift; path = Fonts.swift; sourceTree = "<group>"; };
		7D6842202B0A762300649F60 /* Font+.swift */ = {isa = PBXFileReference; lastKnownFileType = sourcecode.swift; path = "Font+.swift"; sourceTree = "<group>"; };
		7D6842222B0A7E9B00649F60 /* PillView.swift */ = {isa = PBXFileReference; lastKnownFileType = sourcecode.swift; path = PillView.swift; sourceTree = "<group>"; };
/* End PBXFileReference section */

/* Begin PBXFrameworksBuildPhase section */
		7D4E81912B07CA63004B9B3C /* Frameworks */ = {
			isa = PBXFrameworksBuildPhase;
			buildActionMask = 2147483647;
			files = (
				7D2349102B07E6EF00F78D09 /* GoogleSignInSwift in Frameworks */,
				7D4E81AC2B07D0CA004B9B3C /* ComposableArchitecture in Frameworks */,
				7D23490E2B07E6EF00F78D09 /* GoogleSignIn in Frameworks */,
			);
			runOnlyForDeploymentPostprocessing = 0;
		};
/* End PBXFrameworksBuildPhase section */

/* Begin PBXGroup section */
		7D23492B2B081C4C00F78D09 /* Extensions */ = {
			isa = PBXGroup;
			children = (
				7D23492C2B081C6300F78D09 /* Date+.swift */,
				7D2349292B081BFD00F78D09 /* String+.swift */,
				7D23491F2B08019800F78D09 /* UIApplication+.swift */,
				7D68421C2B0A73F400649F60 /* UIFont+.swift */,
				7D6842202B0A762300649F60 /* Font+.swift */,
			);
			path = Extensions;
			sourceTree = "<group>";
		};
		7D23492E2B081D1D00F78D09 /* Domain */ = {
			isa = PBXGroup;
			children = (
				7D23493D2B08254F00F78D09 /* Action.swift */,
				7D23492F2B081D2F00F78D09 /* Event.swift */,
				7D68421E2B0A743100649F60 /* Fonts.swift */,
				7D2349312B081D4E00F78D09 /* Listing.swift */,
			);
			path = Domain;
			sourceTree = "<group>";
		};
		7D2349332B081D7A00F78D09 /* Components */ = {
			isa = PBXGroup;
			children = (
				7D6842222B0A7E9B00649F60 /* PillView.swift */,
				7D2349392B08215E00F78D09 /* SectionContentView.swift */,
				7D23493B2B0824FA00F78D09 /* SectionView.swift */,
			);
			path = Components;
			sourceTree = "<group>";
		};
		7D2349342B081D9100F78D09 /* UI */ = {
			isa = PBXGroup;
			children = (
				7D2349332B081D7A00F78D09 /* Components */,
				7D2349372B081E2A00F78D09 /* Auth */,
				7D2349382B081ECD00F78D09 /* Calendar */,
			);
			path = UI;
			sourceTree = "<group>";
		};
		7D2349372B081E2A00F78D09 /* Auth */ = {
			isa = PBXGroup;
			children = (
				7D2349182B07F0F800F78D09 /* AuthView.swift */,
				7D2349352B081DD100F78D09 /* AuthHeaderView.swift */,
			);
			path = Auth;
			sourceTree = "<group>";
		};
		7D2349382B081ECD00F78D09 /* Calendar */ = {
			isa = PBXGroup;
			children = (
				7D2349272B08186700F78D09 /* CalendarListView.swift */,
				7D2349212B08056E00F78D09 /* CalendarView.swift */,
				7D2349252B080F6400F78D09 /* DropDownView.swift */,
				7D2349232B080E7F00F78D09 /* HeaderView.swift */,
			);
			path = Calendar;
			sourceTree = "<group>";
		};
		7D4E818B2B07CA62004B9B3C = {
			isa = PBXGroup;
			children = (
				7D4E81962B07CA63004B9B3C /* BookifySync */,
				7D4E81952B07CA63004B9B3C /* Products */,
			);
			sourceTree = "<group>";
		};
		7D4E81952B07CA63004B9B3C /* Products */ = {
			isa = PBXGroup;
			children = (
				7D4E81942B07CA63004B9B3C /* BookifySync.app */,
			);
			name = Products;
			sourceTree = "<group>";
		};
		7D4E81962B07CA63004B9B3C /* BookifySync */ = {
			isa = PBXGroup;
			children = (
				7D6841F62B0A720B00649F60 /* Resources */,
				7D23492E2B081D1D00F78D09 /* Domain */,
				7D23492B2B081C4C00F78D09 /* Extensions */,
				7D2349342B081D9100F78D09 /* UI */,
				7D4E819B2B07CA65004B9B3C /* Assets.xcassets */,
				7D4E81A22B07CA65004B9B3C /* BookifySync.xcdatamodeld */,
				7D2349142B07E74900F78D09 /* Info.plist */,
				7D23491D2B07FA8900F78D09 /* AppDelegate.swift */,
				7D4E81972B07CA63004B9B3C /* BookifySyncApp.swift */,
				7D4E81992B07CA63004B9B3C /* ContentView.swift */,
				7D4E81A02B07CA65004B9B3C /* Persistence.swift */,
			);
			path = BookifySync;
			sourceTree = "<group>";
		};
		7D6841F62B0A720B00649F60 /* Resources */ = {
			isa = PBXGroup;
			children = (
				7D6841F72B0A721900649F60 /* Fonts */,
			);
			path = Resources;
			sourceTree = "<group>";
		};
		7D6841F72B0A721900649F60 /* Fonts */ = {
			isa = PBXGroup;
			children = (
				7D6841F82B0A723600649F60 /* Poppins-Black.ttf */,
				7D6842052B0A723700649F60 /* Poppins-BlackItalic.ttf */,
				7D6841F92B0A723600649F60 /* Poppins-Bold.ttf */,
				7D6842002B0A723700649F60 /* Poppins-BoldItalic.ttf */,
				7D6842042B0A723700649F60 /* Poppins-ExtraBold.ttf */,
				7D6842012B0A723700649F60 /* Poppins-ExtraBoldItalic.ttf */,
				7D6842062B0A723700649F60 /* Poppins-ExtraLight.ttf */,
				7D6842032B0A723700649F60 /* Poppins-ExtraLightItalic.ttf */,
				7D6842022B0A723700649F60 /* Poppins-Italic.ttf */,
				7D6842072B0A723700649F60 /* Poppins-Light.ttf */,
				7D6841FC2B0A723700649F60 /* Poppins-LightItalic.ttf */,
				7D6842092B0A723700649F60 /* Poppins-Medium.ttf */,
				7D6841FE2B0A723700649F60 /* Poppins-MediumItalic.ttf */,
				7D6841FB2B0A723600649F60 /* Poppins-Regular.ttf */,
				7D6842082B0A723700649F60 /* Poppins-SemiBold.ttf */,
				7D6841FD2B0A723700649F60 /* Poppins-SemiBoldItalic.ttf */,
				7D6841FF2B0A723700649F60 /* Poppins-Thin.ttf */,
				7D6841FA2B0A723600649F60 /* Poppins-ThinItalic.ttf */,
			);
			path = Fonts;
			sourceTree = "<group>";
		};
/* End PBXGroup section */

/* Begin PBXNativeTarget section */
		7D4E81932B07CA63004B9B3C /* BookifySync */ = {
			isa = PBXNativeTarget;
			buildConfigurationList = 7D4E81A72B07CA65004B9B3C /* Build configuration list for PBXNativeTarget "BookifySync" */;
			buildPhases = (
				7D4E81902B07CA63004B9B3C /* Sources */,
				7D4E81912B07CA63004B9B3C /* Frameworks */,
				7D4E81922B07CA63004B9B3C /* Resources */,
			);
			buildRules = (
			);
			dependencies = (
			);
			name = BookifySync;
			packageProductDependencies = (
				7D4E81AB2B07D0CA004B9B3C /* ComposableArchitecture */,
				7D23490D2B07E6EF00F78D09 /* GoogleSignIn */,
				7D23490F2B07E6EF00F78D09 /* GoogleSignInSwift */,
			);
			productName = BookifySync;
			productReference = 7D4E81942B07CA63004B9B3C /* BookifySync.app */;
			productType = "com.apple.product-type.application";
		};
/* End PBXNativeTarget section */

/* Begin PBXProject section */
		7D4E818C2B07CA62004B9B3C /* Project object */ = {
			isa = PBXProject;
			attributes = {
				BuildIndependentTargetsInParallel = 1;
				LastSwiftUpdateCheck = 1500;
				LastUpgradeCheck = 1500;
				TargetAttributes = {
					7D4E81932B07CA63004B9B3C = {
						CreatedOnToolsVersion = 15.0.1;
					};
				};
			};
			buildConfigurationList = 7D4E818F2B07CA62004B9B3C /* Build configuration list for PBXProject "BookifySync" */;
			compatibilityVersion = "Xcode 14.0";
			developmentRegion = en;
			hasScannedForEncodings = 0;
			knownRegions = (
				en,
				Base,
			);
			mainGroup = 7D4E818B2B07CA62004B9B3C;
			packageReferences = (
				7D4E81AA2B07D0CA004B9B3C /* XCRemoteSwiftPackageReference "swift-composable-architecture" */,
				7D23490C2B07E6EE00F78D09 /* XCRemoteSwiftPackageReference "GoogleSignIn-iOS" */,
			);
			productRefGroup = 7D4E81952B07CA63004B9B3C /* Products */;
			projectDirPath = "";
			projectRoot = "";
			targets = (
				7D4E81932B07CA63004B9B3C /* BookifySync */,
			);
		};
/* End PBXProject section */

/* Begin PBXResourcesBuildPhase section */
		7D4E81922B07CA63004B9B3C /* Resources */ = {
			isa = PBXResourcesBuildPhase;
			buildActionMask = 2147483647;
			files = (
				7D68420A2B0A723700649F60 /* Poppins-Black.ttf in Resources */,
				7D6842192B0A723700649F60 /* Poppins-Light.ttf in Resources */,
				7D6842102B0A723700649F60 /* Poppins-MediumItalic.ttf in Resources */,
				7D68420E2B0A723700649F60 /* Poppins-LightItalic.ttf in Resources */,
				7D6842112B0A723700649F60 /* Poppins-Thin.ttf in Resources */,
				7D6842182B0A723700649F60 /* Poppins-ExtraLight.ttf in Resources */,
				7D68420C2B0A723700649F60 /* Poppins-ThinItalic.ttf in Resources */,
				7D68420F2B0A723700649F60 /* Poppins-SemiBoldItalic.ttf in Resources */,
				7D6842142B0A723700649F60 /* Poppins-Italic.ttf in Resources */,
				7D6842172B0A723700649F60 /* Poppins-BlackItalic.ttf in Resources */,
				7D6842132B0A723700649F60 /* Poppins-ExtraBoldItalic.ttf in Resources */,
				7D6842152B0A723700649F60 /* Poppins-ExtraLightItalic.ttf in Resources */,
				7D68420B2B0A723700649F60 /* Poppins-Bold.ttf in Resources */,
				7D6842162B0A723700649F60 /* Poppins-ExtraBold.ttf in Resources */,
				7D68421B2B0A723700649F60 /* Poppins-Medium.ttf in Resources */,
				7D4E819C2B07CA65004B9B3C /* Assets.xcassets in Resources */,
				7D68421A2B0A723700649F60 /* Poppins-SemiBold.ttf in Resources */,
				7D68420D2B0A723700649F60 /* Poppins-Regular.ttf in Resources */,
				7D6842122B0A723700649F60 /* Poppins-BoldItalic.ttf in Resources */,
			);
			runOnlyForDeploymentPostprocessing = 0;
		};
/* End PBXResourcesBuildPhase section */

/* Begin PBXSourcesBuildPhase section */
		7D4E81902B07CA63004B9B3C /* Sources */ = {
			isa = PBXSourcesBuildPhase;
			buildActionMask = 2147483647;
			files = (
				7D23492D2B081C6300F78D09 /* Date+.swift in Sources */,
				7D23493E2B08254F00F78D09 /* Action.swift in Sources */,
				7D23491E2B07FA8900F78D09 /* AppDelegate.swift in Sources */,
				7D23493C2B0824FA00F78D09 /* SectionView.swift in Sources */,
				7D2349262B080F6400F78D09 /* DropDownView.swift in Sources */,
				7D2349282B08186700F78D09 /* CalendarListView.swift in Sources */,
				7D2349242B080E7F00F78D09 /* HeaderView.swift in Sources */,
				7D68421F2B0A743100649F60 /* Fonts.swift in Sources */,
				7D2349362B081DD100F78D09 /* AuthHeaderView.swift in Sources */,
				7D4E81A42B07CA65004B9B3C /* BookifySync.xcdatamodeld in Sources */,
				7D2349222B08056E00F78D09 /* CalendarView.swift in Sources */,
				7D6842232B0A7E9B00649F60 /* PillView.swift in Sources */,
				7D2349322B081D4E00F78D09 /* Listing.swift in Sources */,
				7D6842212B0A762300649F60 /* Font+.swift in Sources */,
				7D2349202B08019800F78D09 /* UIApplication+.swift in Sources */,
				7D68421D2B0A73F400649F60 /* UIFont+.swift in Sources */,
				7D2349192B07F0F800F78D09 /* AuthView.swift in Sources */,
				7D23493A2B08215E00F78D09 /* SectionContentView.swift in Sources */,
				7D4E81A12B07CA65004B9B3C /* Persistence.swift in Sources */,
				7D4E819A2B07CA63004B9B3C /* ContentView.swift in Sources */,
				7D23492A2B081BFD00F78D09 /* String+.swift in Sources */,
				7D2349302B081D2F00F78D09 /* Event.swift in Sources */,
				7D4E81982B07CA63004B9B3C /* BookifySyncApp.swift in Sources */,
			);
			runOnlyForDeploymentPostprocessing = 0;
		};
/* End PBXSourcesBuildPhase section */

/* Begin XCBuildConfiguration section */
		7D4E81A52B07CA65004B9B3C /* Debug */ = {
			isa = XCBuildConfiguration;
			buildSettings = {
				ALWAYS_SEARCH_USER_PATHS = NO;
				ASSETCATALOG_COMPILER_GENERATE_SWIFT_ASSET_SYMBOL_EXTENSIONS = YES;
				CLANG_ANALYZER_NONNULL = YES;
				CLANG_ANALYZER_NUMBER_OBJECT_CONVERSION = YES_AGGRESSIVE;
				CLANG_CXX_LANGUAGE_STANDARD = "gnu++20";
				CLANG_ENABLE_MODULES = YES;
				CLANG_ENABLE_OBJC_ARC = YES;
				CLANG_ENABLE_OBJC_WEAK = YES;
				CLANG_WARN_BLOCK_CAPTURE_AUTORELEASING = YES;
				CLANG_WARN_BOOL_CONVERSION = YES;
				CLANG_WARN_COMMA = YES;
				CLANG_WARN_CONSTANT_CONVERSION = YES;
				CLANG_WARN_DEPRECATED_OBJC_IMPLEMENTATIONS = YES;
				CLANG_WARN_DIRECT_OBJC_ISA_USAGE = YES_ERROR;
				CLANG_WARN_DOCUMENTATION_COMMENTS = YES;
				CLANG_WARN_EMPTY_BODY = YES;
				CLANG_WARN_ENUM_CONVERSION = YES;
				CLANG_WARN_INFINITE_RECURSION = YES;
				CLANG_WARN_INT_CONVERSION = YES;
				CLANG_WARN_NON_LITERAL_NULL_CONVERSION = YES;
				CLANG_WARN_OBJC_IMPLICIT_RETAIN_SELF = YES;
				CLANG_WARN_OBJC_LITERAL_CONVERSION = YES;
				CLANG_WARN_OBJC_ROOT_CLASS = YES_ERROR;
				CLANG_WARN_QUOTED_INCLUDE_IN_FRAMEWORK_HEADER = YES;
				CLANG_WARN_RANGE_LOOP_ANALYSIS = YES;
				CLANG_WARN_STRICT_PROTOTYPES = YES;
				CLANG_WARN_SUSPICIOUS_MOVE = YES;
				CLANG_WARN_UNGUARDED_AVAILABILITY = YES_AGGRESSIVE;
				CLANG_WARN_UNREACHABLE_CODE = YES;
				CLANG_WARN__DUPLICATE_METHOD_MATCH = YES;
				COPY_PHASE_STRIP = NO;
				DEBUG_INFORMATION_FORMAT = dwarf;
				ENABLE_STRICT_OBJC_MSGSEND = YES;
				ENABLE_TESTABILITY = YES;
				ENABLE_USER_SCRIPT_SANDBOXING = YES;
				GCC_C_LANGUAGE_STANDARD = gnu17;
				GCC_DYNAMIC_NO_PIC = NO;
				GCC_NO_COMMON_BLOCKS = YES;
				GCC_OPTIMIZATION_LEVEL = 0;
				GCC_PREPROCESSOR_DEFINITIONS = (
					"DEBUG=1",
					"$(inherited)",
				);
				GCC_WARN_64_TO_32_BIT_CONVERSION = YES;
				GCC_WARN_ABOUT_RETURN_TYPE = YES_ERROR;
				GCC_WARN_UNDECLARED_SELECTOR = YES;
				GCC_WARN_UNINITIALIZED_AUTOS = YES_AGGRESSIVE;
				GCC_WARN_UNUSED_FUNCTION = YES;
				GCC_WARN_UNUSED_VARIABLE = YES;
				IPHONEOS_DEPLOYMENT_TARGET = 17.0;
				LOCALIZATION_PREFERS_STRING_CATALOGS = YES;
				MTL_ENABLE_DEBUG_INFO = INCLUDE_SOURCE;
				MTL_FAST_MATH = YES;
				ONLY_ACTIVE_ARCH = YES;
				SDKROOT = iphoneos;
				SWIFT_ACTIVE_COMPILATION_CONDITIONS = "DEBUG $(inherited)";
				SWIFT_OPTIMIZATION_LEVEL = "-Onone";
			};
			name = Debug;
		};
		7D4E81A62B07CA65004B9B3C /* Release */ = {
			isa = XCBuildConfiguration;
			buildSettings = {
				ALWAYS_SEARCH_USER_PATHS = NO;
				ASSETCATALOG_COMPILER_GENERATE_SWIFT_ASSET_SYMBOL_EXTENSIONS = YES;
				CLANG_ANALYZER_NONNULL = YES;
				CLANG_ANALYZER_NUMBER_OBJECT_CONVERSION = YES_AGGRESSIVE;
				CLANG_CXX_LANGUAGE_STANDARD = "gnu++20";
				CLANG_ENABLE_MODULES = YES;
				CLANG_ENABLE_OBJC_ARC = YES;
				CLANG_ENABLE_OBJC_WEAK = YES;
				CLANG_WARN_BLOCK_CAPTURE_AUTORELEASING = YES;
				CLANG_WARN_BOOL_CONVERSION = YES;
				CLANG_WARN_COMMA = YES;
				CLANG_WARN_CONSTANT_CONVERSION = YES;
				CLANG_WARN_DEPRECATED_OBJC_IMPLEMENTATIONS = YES;
				CLANG_WARN_DIRECT_OBJC_ISA_USAGE = YES_ERROR;
				CLANG_WARN_DOCUMENTATION_COMMENTS = YES;
				CLANG_WARN_EMPTY_BODY = YES;
				CLANG_WARN_ENUM_CONVERSION = YES;
				CLANG_WARN_INFINITE_RECURSION = YES;
				CLANG_WARN_INT_CONVERSION = YES;
				CLANG_WARN_NON_LITERAL_NULL_CONVERSION = YES;
				CLANG_WARN_OBJC_IMPLICIT_RETAIN_SELF = YES;
				CLANG_WARN_OBJC_LITERAL_CONVERSION = YES;
				CLANG_WARN_OBJC_ROOT_CLASS = YES_ERROR;
				CLANG_WARN_QUOTED_INCLUDE_IN_FRAMEWORK_HEADER = YES;
				CLANG_WARN_RANGE_LOOP_ANALYSIS = YES;
				CLANG_WARN_STRICT_PROTOTYPES = YES;
				CLANG_WARN_SUSPICIOUS_MOVE = YES;
				CLANG_WARN_UNGUARDED_AVAILABILITY = YES_AGGRESSIVE;
				CLANG_WARN_UNREACHABLE_CODE = YES;
				CLANG_WARN__DUPLICATE_METHOD_MATCH = YES;
				COPY_PHASE_STRIP = NO;
				DEBUG_INFORMATION_FORMAT = "dwarf-with-dsym";
				ENABLE_NS_ASSERTIONS = NO;
				ENABLE_STRICT_OBJC_MSGSEND = YES;
				ENABLE_USER_SCRIPT_SANDBOXING = YES;
				GCC_C_LANGUAGE_STANDARD = gnu17;
				GCC_NO_COMMON_BLOCKS = YES;
				GCC_WARN_64_TO_32_BIT_CONVERSION = YES;
				GCC_WARN_ABOUT_RETURN_TYPE = YES_ERROR;
				GCC_WARN_UNDECLARED_SELECTOR = YES;
				GCC_WARN_UNINITIALIZED_AUTOS = YES_AGGRESSIVE;
				GCC_WARN_UNUSED_FUNCTION = YES;
				GCC_WARN_UNUSED_VARIABLE = YES;
				IPHONEOS_DEPLOYMENT_TARGET = 17.0;
				LOCALIZATION_PREFERS_STRING_CATALOGS = YES;
				MTL_ENABLE_DEBUG_INFO = NO;
				MTL_FAST_MATH = YES;
				SDKROOT = iphoneos;
				SWIFT_COMPILATION_MODE = wholemodule;
				VALIDATE_PRODUCT = YES;
			};
			name = Release;
		};
		7D4E81A82B07CA65004B9B3C /* Debug */ = {
			isa = XCBuildConfiguration;
			buildSettings = {
				ASSETCATALOG_COMPILER_APPICON_NAME = AppIcon;
				ASSETCATALOG_COMPILER_GLOBAL_ACCENT_COLOR_NAME = AccentColor;
				CODE_SIGN_STYLE = Automatic;
				CURRENT_PROJECT_VERSION = 1;
				DEVELOPMENT_ASSET_PATHS = "";
				DEVELOPMENT_TEAM = KK36F2B9L7;
				ENABLE_PREVIEWS = YES;
				GENERATE_INFOPLIST_FILE = YES;
				INFOPLIST_FILE = BookifySync/Info.plist;
				INFOPLIST_KEY_LSApplicationCategoryType = "public.app-category.productivity";
				INFOPLIST_KEY_UIApplicationSceneManifest_Generation = YES;
				INFOPLIST_KEY_UIApplicationSupportsIndirectInputEvents = YES;
				INFOPLIST_KEY_UILaunchScreen_Generation = YES;
				INFOPLIST_KEY_UIStatusBarStyle = UIStatusBarStyleLightContent;
				INFOPLIST_KEY_UISupportedInterfaceOrientations = UIInterfaceOrientationPortrait;
				INFOPLIST_KEY_UISupportedInterfaceOrientations_iPad = "UIInterfaceOrientationLandscapeLeft UIInterfaceOrientationLandscapeRight UIInterfaceOrientationPortrait";
				IPHONEOS_DEPLOYMENT_TARGET = 17.0;
				LD_RUNPATH_SEARCH_PATHS = (
					"$(inherited)",
					"@executable_path/Frameworks",
				);
				MARKETING_VERSION = 1.0;
				PRODUCT_BUNDLE_IDENTIFIER = com.88Studios.BookifySync;
				PRODUCT_NAME = "$(TARGET_NAME)";
				SUPPORTED_PLATFORMS = "iphoneos iphonesimulator";
				SUPPORTS_MACCATALYST = NO;
				SUPPORTS_MAC_DESIGNED_FOR_IPHONE_IPAD = NO;
				SWIFT_EMIT_LOC_STRINGS = YES;
				SWIFT_VERSION = 5.0;
				TARGETED_DEVICE_FAMILY = 1;
			};
			name = Debug;
		};
		7D4E81A92B07CA65004B9B3C /* Release */ = {
			isa = XCBuildConfiguration;
			buildSettings = {
				ASSETCATALOG_COMPILER_APPICON_NAME = AppIcon;
				ASSETCATALOG_COMPILER_GLOBAL_ACCENT_COLOR_NAME = AccentColor;
				CODE_SIGN_STYLE = Automatic;
				CURRENT_PROJECT_VERSION = 1;
				DEVELOPMENT_ASSET_PATHS = "";
				DEVELOPMENT_TEAM = KK36F2B9L7;
				ENABLE_PREVIEWS = YES;
				GENERATE_INFOPLIST_FILE = YES;
				INFOPLIST_FILE = BookifySync/Info.plist;
				INFOPLIST_KEY_LSApplicationCategoryType = "public.app-category.productivity";
				INFOPLIST_KEY_UIApplicationSceneManifest_Generation = YES;
				INFOPLIST_KEY_UIApplicationSupportsIndirectInputEvents = YES;
				INFOPLIST_KEY_UILaunchScreen_Generation = YES;
				INFOPLIST_KEY_UIStatusBarStyle = UIStatusBarStyleLightContent;
				INFOPLIST_KEY_UISupportedInterfaceOrientations = UIInterfaceOrientationPortrait;
				INFOPLIST_KEY_UISupportedInterfaceOrientations_iPad = "UIInterfaceOrientationLandscapeLeft UIInterfaceOrientationLandscapeRight UIInterfaceOrientationPortrait";
				IPHONEOS_DEPLOYMENT_TARGET = 17.0;
				LD_RUNPATH_SEARCH_PATHS = (
					"$(inherited)",
					"@executable_path/Frameworks",
				);
				MARKETING_VERSION = 1.0;
				PRODUCT_BUNDLE_IDENTIFIER = com.88Studios.BookifySync;
				PRODUCT_NAME = "$(TARGET_NAME)";
				SUPPORTED_PLATFORMS = "iphoneos iphonesimulator";
				SUPPORTS_MACCATALYST = NO;
				SUPPORTS_MAC_DESIGNED_FOR_IPHONE_IPAD = NO;
				SWIFT_EMIT_LOC_STRINGS = YES;
				SWIFT_VERSION = 5.0;
				TARGETED_DEVICE_FAMILY = 1;
			};
			name = Release;
		};
/* End XCBuildConfiguration section */

/* Begin XCConfigurationList section */
		7D4E818F2B07CA62004B9B3C /* Build configuration list for PBXProject "BookifySync" */ = {
			isa = XCConfigurationList;
			buildConfigurations = (
				7D4E81A52B07CA65004B9B3C /* Debug */,
				7D4E81A62B07CA65004B9B3C /* Release */,
			);
			defaultConfigurationIsVisible = 0;
			defaultConfigurationName = Release;
		};
		7D4E81A72B07CA65004B9B3C /* Build configuration list for PBXNativeTarget "BookifySync" */ = {
			isa = XCConfigurationList;
			buildConfigurations = (
				7D4E81A82B07CA65004B9B3C /* Debug */,
				7D4E81A92B07CA65004B9B3C /* Release */,
			);
			defaultConfigurationIsVisible = 0;
			defaultConfigurationName = Release;
		};
/* End XCConfigurationList section */

/* Begin XCRemoteSwiftPackageReference section */
		7D23490C2B07E6EE00F78D09 /* XCRemoteSwiftPackageReference "GoogleSignIn-iOS" */ = {
			isa = XCRemoteSwiftPackageReference;
			repositoryURL = "https://github.com/google/GoogleSignIn-iOS";
			requirement = {
				kind = exactVersion;
				version = 7.0.0;
			};
		};
		7D4E81AA2B07D0CA004B9B3C /* XCRemoteSwiftPackageReference "swift-composable-architecture" */ = {
			isa = XCRemoteSwiftPackageReference;
			repositoryURL = "https://github.com/pointfreeco/swift-composable-architecture";
			requirement = {
				kind = upToNextMajorVersion;
				minimumVersion = 1.4.2;
			};
		};
/* End XCRemoteSwiftPackageReference section */

/* Begin XCSwiftPackageProductDependency section */
		7D23490D2B07E6EF00F78D09 /* GoogleSignIn */ = {
			isa = XCSwiftPackageProductDependency;
			package = 7D23490C2B07E6EE00F78D09 /* XCRemoteSwiftPackageReference "GoogleSignIn-iOS" */;
			productName = GoogleSignIn;
		};
		7D23490F2B07E6EF00F78D09 /* GoogleSignInSwift */ = {
			isa = XCSwiftPackageProductDependency;
			package = 7D23490C2B07E6EE00F78D09 /* XCRemoteSwiftPackageReference "GoogleSignIn-iOS" */;
			productName = GoogleSignInSwift;
		};
		7D4E81AB2B07D0CA004B9B3C /* ComposableArchitecture */ = {
			isa = XCSwiftPackageProductDependency;
			package = 7D4E81AA2B07D0CA004B9B3C /* XCRemoteSwiftPackageReference "swift-composable-architecture" */;
			productName = ComposableArchitecture;
		};
/* End XCSwiftPackageProductDependency section */

/* Begin XCVersionGroup section */
		7D4E81A22B07CA65004B9B3C /* BookifySync.xcdatamodeld */ = {
			isa = XCVersionGroup;
			children = (
				7D4E81A32B07CA65004B9B3C /* BookifySync.xcdatamodel */,
			);
			currentVersion = 7D4E81A32B07CA65004B9B3C /* BookifySync.xcdatamodel */;
			path = BookifySync.xcdatamodeld;
			sourceTree = "<group>";
			versionGroupType = wrapper.xcdatamodel;
		};
/* End XCVersionGroup section */
	};
	rootObject = 7D4E818C2B07CA62004B9B3C /* Project object */;
}
